{
    "requires": true,
    "lockfileVersion": 1,
    "dependencies": {
        "ag-grid-community": {
            "version": "19.0.0",
            "resolved": "https://registry.npmjs.org/ag-grid-community/-/ag-grid-community-19.0.0.tgz",
            "integrity": "sha512-Qvf3+GUf+4XKxJTGGMZfxFiKBlMlBaGRSjNV2PdvyUuMs69nva++1p+jrRcbwS/jFHRdCqap6toNvzbc+EU2yQ=="
        },
        "ag-grid-vue": {
            "version": "19.0.0",
            "resolved": "https://registry.npmjs.org/ag-grid-vue/-/ag-grid-vue-19.0.0.tgz",
            "integrity": "sha512-OVwW6UtLfiuzMkWfxZQAoi+kzTkuK4sJE/syI0JGuY6uyLn5iUNssvJ6v56c/fVF95Ltid9iNzFMSVQQK9lUhg=="
        }
    }
}
